// !$*UTF8*$!
{
	archiveVersion = 1;
	classes = {
	};
	objectVersion = 56;
	objects = {

/* Begin PBXBuildFile section */
		FB1CBCD3299161BC00A81392 /* NetworkManager.swift in Sources */ = {isa = PBXBuildFile; fileRef = FB1CBCD2299161BC00A81392 /* NetworkManager.swift */; };
		FB9ED8BB2989B81E00ED8309 /* AppDelegate.swift in Sources */ = {isa = PBXBuildFile; fileRef = FB9ED8BA2989B81E00ED8309 /* AppDelegate.swift */; };
		FB9ED8BD2989B81E00ED8309 /* SceneDelegate.swift in Sources */ = {isa = PBXBuildFile; fileRef = FB9ED8BC2989B81E00ED8309 /* SceneDelegate.swift */; };
		FB9ED8BF2989B81E00ED8309 /* MainViewController.swift in Sources */ = {isa = PBXBuildFile; fileRef = FB9ED8BE2989B81E00ED8309 /* MainViewController.swift */; };
		FB9ED8C42989B81F00ED8309 /* Assets.xcassets in Resources */ = {isa = PBXBuildFile; fileRef = FB9ED8C32989B81F00ED8309 /* Assets.xcassets */; };
		FB9ED8C72989B81F00ED8309 /* LaunchScreen.storyboard in Resources */ = {isa = PBXBuildFile; fileRef = FB9ED8C52989B81F00ED8309 /* LaunchScreen.storyboard */; };
		FB9ED8CF2989B87700ED8309 /* MainView.swift in Sources */ = {isa = PBXBuildFile; fileRef = FB9ED8CE2989B87700ED8309 /* MainView.swift */; };
		FB9ED8D82989B93600ED8309 /* LabelExtension.swift in Sources */ = {isa = PBXBuildFile; fileRef = FB9ED8D02989B93600ED8309 /* LabelExtension.swift */; };
		FB9ED8DA2989B93600ED8309 /* ODColors.swift in Sources */ = {isa = PBXBuildFile; fileRef = FB9ED8D22989B93600ED8309 /* ODColors.swift */; };
		FB9ED8DB2989B93600ED8309 /* TextFieldExtension.swift in Sources */ = {isa = PBXBuildFile; fileRef = FB9ED8D32989B93600ED8309 /* TextFieldExtension.swift */; };
		FB9ED8DC2989B93600ED8309 /* ButtonExtension.swift in Sources */ = {isa = PBXBuildFile; fileRef = FB9ED8D42989B93600ED8309 /* ButtonExtension.swift */; };
		FB9ED8DD2989B93600ED8309 /* StackViewExtension.swift in Sources */ = {isa = PBXBuildFile; fileRef = FB9ED8D52989B93600ED8309 /* StackViewExtension.swift */; };
		FB9ED8DE2989B93600ED8309 /* Helper.swift in Sources */ = {isa = PBXBuildFile; fileRef = FB9ED8D62989B93600ED8309 /* Helper.swift */; };
		FB9ED8DF2989B93600ED8309 /* ViewSettings.swift in Sources */ = {isa = PBXBuildFile; fileRef = FB9ED8D72989B93600ED8309 /* ViewSettings.swift */; };
		FB9ED8E4298C14F000ED8309 /* MainCell.swift in Sources */ = {isa = PBXBuildFile; fileRef = FB9ED8E3298C14F000ED8309 /* MainCell.swift */; };
		FBE840572992D82C00F47875 /* Reachability.swift in Sources */ = {isa = PBXBuildFile; fileRef = FBE840562992D82C00F47875 /* Reachability.swift */; };
		FBEB7923298D6CF200474B29 /* AviTask.swift in Sources */ = {isa = PBXBuildFile; fileRef = FBEB7922298D6CF200474B29 /* AviTask.swift */; };
		FBFE0FDD298FB77700D152D7 /* ODFonts.swift in Sources */ = {isa = PBXBuildFile; fileRef = FBFE0FDC298FB77700D152D7 /* ODFonts.swift */; };
/* End PBXBuildFile section */

/* Begin PBXFileReference section */
		FB1CBCD2299161BC00A81392 /* NetworkManager.swift */ = {isa = PBXFileReference; lastKnownFileType = sourcecode.swift; path = NetworkManager.swift; sourceTree = "<group>"; };
		FB9ED8B72989B81E00ED8309 /* AviTask.app */ = {isa = PBXFileReference; explicitFileType = wrapper.application; includeInIndex = 0; path = AviTask.app; sourceTree = BUILT_PRODUCTS_DIR; };
		FB9ED8BA2989B81E00ED8309 /* AppDelegate.swift */ = {isa = PBXFileReference; lastKnownFileType = sourcecode.swift; path = AppDelegate.swift; sourceTree = "<group>"; };
		FB9ED8BC2989B81E00ED8309 /* SceneDelegate.swift */ = {isa = PBXFileReference; lastKnownFileType = sourcecode.swift; path = SceneDelegate.swift; sourceTree = "<group>"; };
		FB9ED8BE2989B81E00ED8309 /* MainViewController.swift */ = {isa = PBXFileReference; lastKnownFileType = sourcecode.swift; path = MainViewController.swift; sourceTree = "<group>"; };
		FB9ED8C32989B81F00ED8309 /* Assets.xcassets */ = {isa = PBXFileReference; lastKnownFileType = folder.assetcatalog; path = Assets.xcassets; sourceTree = "<group>"; };
		FB9ED8C62989B81F00ED8309 /* Base */ = {isa = PBXFileReference; lastKnownFileType = file.storyboard; name = Base; path = Base.lproj/LaunchScreen.storyboard; sourceTree = "<group>"; };
		FB9ED8C82989B81F00ED8309 /* Info.plist */ = {isa = PBXFileReference; lastKnownFileType = text.plist.xml; path = Info.plist; sourceTree = "<group>"; };
		FB9ED8CE2989B87700ED8309 /* MainView.swift */ = {isa = PBXFileReference; lastKnownFileType = sourcecode.swift; path = MainView.swift; sourceTree = "<group>"; };
		FB9ED8D02989B93600ED8309 /* LabelExtension.swift */ = {isa = PBXFileReference; fileEncoding = 4; lastKnownFileType = sourcecode.swift; path = LabelExtension.swift; sourceTree = "<group>"; };
		FB9ED8D22989B93600ED8309 /* ODColors.swift */ = {isa = PBXFileReference; fileEncoding = 4; lastKnownFileType = sourcecode.swift; path = ODColors.swift; sourceTree = "<group>"; };
		FB9ED8D32989B93600ED8309 /* TextFieldExtension.swift */ = {isa = PBXFileReference; fileEncoding = 4; lastKnownFileType = sourcecode.swift; path = TextFieldExtension.swift; sourceTree = "<group>"; };
		FB9ED8D42989B93600ED8309 /* ButtonExtension.swift */ = {isa = PBXFileReference; fileEncoding = 4; lastKnownFileType = sourcecode.swift; path = ButtonExtension.swift; sourceTree = "<group>"; };
		FB9ED8D52989B93600ED8309 /* StackViewExtension.swift */ = {isa = PBXFileReference; fileEncoding = 4; lastKnownFileType = sourcecode.swift; path = StackViewExtension.swift; sourceTree = "<group>"; };
		FB9ED8D62989B93600ED8309 /* Helper.swift */ = {isa = PBXFileReference; fileEncoding = 4; lastKnownFileType = sourcecode.swift; path = Helper.swift; sourceTree = "<group>"; };
		FB9ED8D72989B93600ED8309 /* ViewSettings.swift */ = {isa = PBXFileReference; fileEncoding = 4; lastKnownFileType = sourcecode.swift; path = ViewSettings.swift; sourceTree = "<group>"; };
		FB9ED8E3298C14F000ED8309 /* MainCell.swift */ = {isa = PBXFileReference; lastKnownFileType = sourcecode.swift; path = MainCell.swift; sourceTree = "<group>"; };
		FBE840562992D82C00F47875 /* Reachability.swift */ = {isa = PBXFileReference; lastKnownFileType = sourcecode.swift; path = Reachability.swift; sourceTree = "<group>"; };
		FBEB7922298D6CF200474B29 /* AviTask.swift */ = {isa = PBXFileReference; lastKnownFileType = sourcecode.swift; path = AviTask.swift; sourceTree = "<group>"; };
		FBFE0FDC298FB77700D152D7 /* ODFonts.swift */ = {isa = PBXFileReference; fileEncoding = 4; lastKnownFileType = sourcecode.swift; name = ODFonts.swift; path = ../../../easyWay/ODFonts.swift; sourceTree = "<group>"; };
/* End PBXFileReference section */

/* Begin PBXFrameworksBuildPhase section */
		FB9ED8B42989B81E00ED8309 /* Frameworks */ = {
			isa = PBXFrameworksBuildPhase;
			buildActionMask = 2147483647;
			files = (
			);
			runOnlyForDeploymentPostprocessing = 0;
		};
/* End PBXFrameworksBuildPhase section */

/* Begin PBXGroup section */
		FB9ED8AE2989B81E00ED8309 = {
			isa = PBXGroup;
			children = (
				FB9ED8B92989B81E00ED8309 /* AviTask */,
				FB9ED8B82989B81E00ED8309 /* Products */,
			);
			sourceTree = "<group>";
		};
		FB9ED8B82989B81E00ED8309 /* Products */ = {
			isa = PBXGroup;
			children = (
				FB9ED8B72989B81E00ED8309 /* AviTask.app */,
			);
			name = Products;
			sourceTree = "<group>";
		};
		FB9ED8B92989B81E00ED8309 /* AviTask */ = {
			isa = PBXGroup;
			children = (
				FB9ED8E02989B93F00ED8309 /* EasyWay */,
				FB9ED8BA2989B81E00ED8309 /* AppDelegate.swift */,
				FB9ED8BC2989B81E00ED8309 /* SceneDelegate.swift */,
				FB9ED8BE2989B81E00ED8309 /* MainViewController.swift */,
				FB1CBCD2299161BC00A81392 /* NetworkManager.swift */,
				FBE840562992D82C00F47875 /* Reachability.swift */,
				FB9ED8CE2989B87700ED8309 /* MainView.swift */,
				FB9ED8E3298C14F000ED8309 /* MainCell.swift */,
				FBEB7922298D6CF200474B29 /* AviTask.swift */,
				FB9ED8C32989B81F00ED8309 /* Assets.xcassets */,
				FB9ED8C52989B81F00ED8309 /* LaunchScreen.storyboard */,
				FB9ED8C82989B81F00ED8309 /* Info.plist */,
			);
			path = AviTask;
			sourceTree = "<group>";
		};
		FB9ED8E02989B93F00ED8309 /* EasyWay */ = {
			isa = PBXGroup;
			children = (
				FB9ED8D42989B93600ED8309 /* ButtonExtension.swift */,
				FB9ED8D62989B93600ED8309 /* Helper.swift */,
				FB9ED8D02989B93600ED8309 /* LabelExtension.swift */,
				FB9ED8D22989B93600ED8309 /* ODColors.swift */,
				FBFE0FDC298FB77700D152D7 /* ODFonts.swift */,
				FB9ED8D52989B93600ED8309 /* StackViewExtension.swift */,
				FB9ED8D32989B93600ED8309 /* TextFieldExtension.swift */,
				FB9ED8D72989B93600ED8309 /* ViewSettings.swift */,
			);
			path = EasyWay;
			sourceTree = "<group>";
		};
/* End PBXGroup section */

/* Begin PBXNativeTarget section */
		FB9ED8B62989B81E00ED8309 /* AviTask */ = {
			isa = PBXNativeTarget;
			buildConfigurationList = FB9ED8CB2989B81F00ED8309 /* Build configuration list for PBXNativeTarget "AviTask" */;
			buildPhases = (
				FB9ED8B32989B81E00ED8309 /* Sources */,
				FB9ED8B42989B81E00ED8309 /* Frameworks */,
				FB9ED8B52989B81E00ED8309 /* Resources */,
			);
			buildRules = (
			);
			dependencies = (
			);
			name = AviTask;
			productName = AviTask;
			productReference = FB9ED8B72989B81E00ED8309 /* AviTask.app */;
			productType = "com.apple.product-type.application";
		};
/* End PBXNativeTarget section */

/* Begin PBXProject section */
		FB9ED8AF2989B81E00ED8309 /* Project object */ = {
			isa = PBXProject;
			attributes = {
				BuildIndependentTargetsInParallel = 1;
				LastSwiftUpdateCheck = 1420;
				LastUpgradeCheck = 1420;
				TargetAttributes = {
					FB9ED8B62989B81E00ED8309 = {
						CreatedOnToolsVersion = 14.2;
					};
				};
			};
			buildConfigurationList = FB9ED8B22989B81E00ED8309 /* Build configuration list for PBXProject "AviTask" */;
			compatibilityVersion = "Xcode 14.0";
			developmentRegion = en;
			hasScannedForEncodings = 0;
			knownRegions = (
				en,
				Base,
			);
			mainGroup = FB9ED8AE2989B81E00ED8309;
			productRefGroup = FB9ED8B82989B81E00ED8309 /* Products */;
			projectDirPath = "";
			projectRoot = "";
			targets = (
				FB9ED8B62989B81E00ED8309 /* AviTask */,
			);
		};
/* End PBXProject section */

/* Begin PBXResourcesBuildPhase section */
		FB9ED8B52989B81E00ED8309 /* Resources */ = {
			isa = PBXResourcesBuildPhase;
			buildActionMask = 2147483647;
			files = (
				FB9ED8C72989B81F00ED8309 /* LaunchScreen.storyboard in Resources */,
				FB9ED8C42989B81F00ED8309 /* Assets.xcassets in Resources */,
			);
			runOnlyForDeploymentPostprocessing = 0;
		};
/* End PBXResourcesBuildPhase section */

/* Begin PBXSourcesBuildPhase section */
		FB9ED8B32989B81E00ED8309 /* Sources */ = {
			isa = PBXSourcesBuildPhase;
			buildActionMask = 2147483647;
			files = (
				FB9ED8DE2989B93600ED8309 /* Helper.swift in Sources */,
				FBEB7923298D6CF200474B29 /* AviTask.swift in Sources */,
				FBFE0FDD298FB77700D152D7 /* ODFonts.swift in Sources */,
				FB9ED8DF2989B93600ED8309 /* ViewSettings.swift in Sources */,
				FB9ED8DC2989B93600ED8309 /* ButtonExtension.swift in Sources */,
				FB9ED8BF2989B81E00ED8309 /* MainViewController.swift in Sources */,
				FB9ED8DB2989B93600ED8309 /* TextFieldExtension.swift in Sources */,
				FB9ED8DA2989B93600ED8309 /* ODColors.swift in Sources */,
				FB9ED8D82989B93600ED8309 /* LabelExtension.swift in Sources */,
				FB9ED8E4298C14F000ED8309 /* MainCell.swift in Sources */,
				FB9ED8CF2989B87700ED8309 /* MainView.swift in Sources */,
				FB9ED8BB2989B81E00ED8309 /* AppDelegate.swift in Sources */,
				FB1CBCD3299161BC00A81392 /* NetworkManager.swift in Sources */,
				FB9ED8BD2989B81E00ED8309 /* SceneDelegate.swift in Sources */,
				FBE840572992D82C00F47875 /* Reachability.swift in Sources */,
				FB9ED8DD2989B93600ED8309 /* StackViewExtension.swift in Sources */,
			);
			runOnlyForDeploymentPostprocessing = 0;
		};
/* End PBXSourcesBuildPhase section */

/* Begin PBXVariantGroup section */
		FB9ED8C52989B81F00ED8309 /* LaunchScreen.storyboard */ = {
			isa = PBXVariantGroup;
			children = (
				FB9ED8C62989B81F00ED8309 /* Base */,
			);
			name = LaunchScreen.storyboard;
			sourceTree = "<group>";
		};
/* End PBXVariantGroup section */

/* Begin XCBuildConfiguration section */
		FB9ED8C92989B81F00ED8309 /* Debug */ = {
			isa = XCBuildConfiguration;
			buildSettings = {
				ALWAYS_SEARCH_USER_PATHS = NO;
				CLANG_ANALYZER_NONNULL = YES;
				CLANG_ANALYZER_NUMBER_OBJECT_CONVERSION = YES_AGGRESSIVE;
				CLANG_CXX_LANGUAGE_STANDARD = "gnu++20";
				CLANG_ENABLE_MODULES = YES;
				CLANG_ENABLE_OBJC_ARC = YES;
				CLANG_ENABLE_OBJC_WEAK = YES;
				CLANG_WARN_BLOCK_CAPTURE_AUTORELEASING = YES;
				CLANG_WARN_BOOL_CONVERSION = YES;
				CLANG_WARN_COMMA = YES;
				CLANG_WARN_CONSTANT_CONVERSION = YES;
				CLANG_WARN_DEPRECATED_OBJC_IMPLEMENTATIONS = YES;
				CLANG_WARN_DIRECT_OBJC_ISA_USAGE = YES_ERROR;
				CLANG_WARN_DOCUMENTATION_COMMENTS = YES;
				CLANG_WARN_EMPTY_BODY = YES;
				CLANG_WARN_ENUM_CONVERSION = YES;
				CLANG_WARN_INFINITE_RECURSION = YES;
				CLANG_WARN_INT_CONVERSION = YES;
				CLANG_WARN_NON_LITERAL_NULL_CONVERSION = YES;
				CLANG_WARN_OBJC_IMPLICIT_RETAIN_SELF = YES;
				CLANG_WARN_OBJC_LITERAL_CONVERSION = YES;
				CLANG_WARN_OBJC_ROOT_CLASS = YES_ERROR;
				CLANG_WARN_QUOTED_INCLUDE_IN_FRAMEWORK_HEADER = YES;
				CLANG_WARN_RANGE_LOOP_ANALYSIS = YES;
				CLANG_WARN_STRICT_PROTOTYPES = YES;
				CLANG_WARN_SUSPICIOUS_MOVE = YES;
				CLANG_WARN_UNGUARDED_AVAILABILITY = YES_AGGRESSIVE;
				CLANG_WARN_UNREACHABLE_CODE = YES;
				CLANG_WARN__DUPLICATE_METHOD_MATCH = YES;
				COPY_PHASE_STRIP = NO;
				DEBUG_INFORMATION_FORMAT = dwarf;
				ENABLE_STRICT_OBJC_MSGSEND = YES;
				ENABLE_TESTABILITY = YES;
				GCC_C_LANGUAGE_STANDARD = gnu11;
				GCC_DYNAMIC_NO_PIC = NO;
				GCC_NO_COMMON_BLOCKS = YES;
				GCC_OPTIMIZATION_LEVEL = 0;
				GCC_PREPROCESSOR_DEFINITIONS = (
					"DEBUG=1",
					"$(inherited)",
				);
				GCC_WARN_64_TO_32_BIT_CONVERSION = YES;
				GCC_WARN_ABOUT_RETURN_TYPE = YES_ERROR;
				GCC_WARN_UNDECLARED_SELECTOR = YES;
				GCC_WARN_UNINITIALIZED_AUTOS = YES_AGGRESSIVE;
				GCC_WARN_UNUSED_FUNCTION = YES;
				GCC_WARN_UNUSED_VARIABLE = YES;
				IPHONEOS_DEPLOYMENT_TARGET = 16.2;
				MTL_ENABLE_DEBUG_INFO = INCLUDE_SOURCE;
				MTL_FAST_MATH = YES;
				ONLY_ACTIVE_ARCH = YES;
				SDKROOT = iphoneos;
				SWIFT_ACTIVE_COMPILATION_CONDITIONS = DEBUG;
				SWIFT_OPTIMIZATION_LEVEL = "-Onone";
			};
			name = Debug;
		};
		FB9ED8CA2989B81F00ED8309 /* Release */ = {
			isa = XCBuildConfiguration;
			buildSettings = {
				ALWAYS_SEARCH_USER_PATHS = NO;
				CLANG_ANALYZER_NONNULL = YES;
				CLANG_ANALYZER_NUMBER_OBJECT_CONVERSION = YES_AGGRESSIVE;
				CLANG_CXX_LANGUAGE_STANDARD = "gnu++20";
				CLANG_ENABLE_MODULES = YES;
				CLANG_ENABLE_OBJC_ARC = YES;
				CLANG_ENABLE_OBJC_WEAK = YES;
				CLANG_WARN_BLOCK_CAPTURE_AUTORELEASING = YES;
				CLANG_WARN_BOOL_CONVERSION = YES;
				CLANG_WARN_COMMA = YES;
				CLANG_WARN_CONSTANT_CONVERSION = YES;
				CLANG_WARN_DEPRECATED_OBJC_IMPLEMENTATIONS = YES;
				CLANG_WARN_DIRECT_OBJC_ISA_USAGE = YES_ERROR;
				CLANG_WARN_DOCUMENTATION_COMMENTS = YES;
				CLANG_WARN_EMPTY_BODY = YES;
				CLANG_WARN_ENUM_CONVERSION = YES;
				CLANG_WARN_INFINITE_RECURSION = YES;
				CLANG_WARN_INT_CONVERSION = YES;
				CLANG_WARN_NON_LITERAL_NULL_CONVERSION = YES;
				CLANG_WARN_OBJC_IMPLICIT_RETAIN_SELF = YES;
				CLANG_WARN_OBJC_LITERAL_CONVERSION = YES;
				CLANG_WARN_OBJC_ROOT_CLASS = YES_ERROR;
				CLANG_WARN_QUOTED_INCLUDE_IN_FRAMEWORK_HEADER = YES;
				CLANG_WARN_RANGE_LOOP_ANALYSIS = YES;
				CLANG_WARN_STRICT_PROTOTYPES = YES;
				CLANG_WARN_SUSPICIOUS_MOVE = YES;
				CLANG_WARN_UNGUARDED_AVAILABILITY = YES_AGGRESSIVE;
				CLANG_WARN_UNREACHABLE_CODE = YES;
				CLANG_WARN__DUPLICATE_METHOD_MATCH = YES;
				COPY_PHASE_STRIP = NO;
				DEBUG_INFORMATION_FORMAT = "dwarf-with-dsym";
				ENABLE_NS_ASSERTIONS = NO;
				ENABLE_STRICT_OBJC_MSGSEND = YES;
				GCC_C_LANGUAGE_STANDARD = gnu11;
				GCC_NO_COMMON_BLOCKS = YES;
				GCC_WARN_64_TO_32_BIT_CONVERSION = YES;
				GCC_WARN_ABOUT_RETURN_TYPE = YES_ERROR;
				GCC_WARN_UNDECLARED_SELECTOR = YES;
				GCC_WARN_UNINITIALIZED_AUTOS = YES_AGGRESSIVE;
				GCC_WARN_UNUSED_FUNCTION = YES;
				GCC_WARN_UNUSED_VARIABLE = YES;
				IPHONEOS_DEPLOYMENT_TARGET = 16.2;
				MTL_ENABLE_DEBUG_INFO = NO;
				MTL_FAST_MATH = YES;
				SDKROOT = iphoneos;
				SWIFT_COMPILATION_MODE = wholemodule;
				SWIFT_OPTIMIZATION_LEVEL = "-O";
				VALIDATE_PRODUCT = YES;
			};
			name = Release;
		};
		FB9ED8CC2989B81F00ED8309 /* Debug */ = {
			isa = XCBuildConfiguration;
			buildSettings = {
				ASSETCATALOG_COMPILER_APPICON_NAME = AppIcon;
				ASSETCATALOG_COMPILER_GLOBAL_ACCENT_COLOR_NAME = AccentColor;
				CODE_SIGN_STYLE = Automatic;
				CURRENT_PROJECT_VERSION = 1;
				DEVELOPMENT_TEAM = 5JSNU535FQ;
				GENERATE_INFOPLIST_FILE = YES;
				INFOPLIST_FILE = AviTask/Info.plist;
				INFOPLIST_KEY_UIApplicationSupportsIndirectInputEvents = YES;
				INFOPLIST_KEY_UILaunchStoryboardName = LaunchScreen;
				INFOPLIST_KEY_UISupportedInterfaceOrientations_iPad = "UIInterfaceOrientationPortrait UIInterfaceOrientationPortraitUpsideDown UIInterfaceOrientationLandscapeLeft UIInterfaceOrientationLandscapeRight";
				INFOPLIST_KEY_UISupportedInterfaceOrientations_iPhone = "UIInterfaceOrientationPortrait UIInterfaceOrientationLandscapeLeft UIInterfaceOrientationLandscapeRight";
				LD_RUNPATH_SEARCH_PATHS = (
					"$(inherited)",
					"@executable_path/Frameworks",
				);
				MARKETING_VERSION = 1.0;
				PRODUCT_BUNDLE_IDENTIFIER = Ottos.AviTask;
				PRODUCT_NAME = "$(TARGET_NAME)";
				SWIFT_EMIT_LOC_STRINGS = YES;
				SWIFT_VERSION = 5.0;
				TARGETED_DEVICE_FAMILY = "1,2";
			};
			name = Debug;
		};
		FB9ED8CD2989B81F00ED8309 /* Release */ = {
			isa = XCBuildConfiguration;
			buildSettings = {
				ASSETCATALOG_COMPILER_APPICON_NAME = AppIcon;
				ASSETCATALOG_COMPILER_GLOBAL_ACCENT_COLOR_NAME = AccentColor;
				CODE_SIGN_STYLE = Automatic;
				CURRENT_PROJECT_VERSION = 1;
				DEVELOPMENT_TEAM = 5JSNU535FQ;
				GENERATE_INFOPLIST_FILE = YES;
				INFOPLIST_FILE = AviTask/Info.plist;
				INFOPLIST_KEY_UIApplicationSupportsIndirectInputEvents = YES;
				INFOPLIST_KEY_UILaunchStoryboardName = LaunchScreen;
				INFOPLIST_KEY_UISupportedInterfaceOrientations_iPad = "UIInterfaceOrientationPortrait UIInterfaceOrientationPortraitUpsideDown UIInterfaceOrientationLandscapeLeft UIInterfaceOrientationLandscapeRight";
				INFOPLIST_KEY_UISupportedInterfaceOrientations_iPhone = "UIInterfaceOrientationPortrait UIInterfaceOrientationLandscapeLeft UIInterfaceOrientationLandscapeRight";
				LD_RUNPATH_SEARCH_PATHS = (
					"$(inherited)",
					"@executable_path/Frameworks",
				);
				MARKETING_VERSION = 1.0;
				PRODUCT_BUNDLE_IDENTIFIER = Ottos.AviTask;
				PRODUCT_NAME = "$(TARGET_NAME)";
				SWIFT_EMIT_LOC_STRINGS = YES;
				SWIFT_VERSION = 5.0;
				TARGETED_DEVICE_FAMILY = "1,2";
			};
			name = Release;
		};
/* End XCBuildConfiguration section */

/* Begin XCConfigurationList section */
		FB9ED8B22989B81E00ED8309 /* Build configuration list for PBXProject "AviTask" */ = {
			isa = XCConfigurationList;
			buildConfigurations = (
				FB9ED8C92989B81F00ED8309 /* Debug */,
				FB9ED8CA2989B81F00ED8309 /* Release */,
			);
			defaultConfigurationIsVisible = 0;
			defaultConfigurationName = Release;
		};
		FB9ED8CB2989B81F00ED8309 /* Build configuration list for PBXNativeTarget "AviTask" */ = {
			isa = XCConfigurationList;
			buildConfigurations = (
				FB9ED8CC2989B81F00ED8309 /* Debug */,
				FB9ED8CD2989B81F00ED8309 /* Release */,
			);
			defaultConfigurationIsVisible = 0;
			defaultConfigurationName = Release;
		};
/* End XCConfigurationList section */
	};
	rootObject = FB9ED8AF2989B81E00ED8309 /* Project object */;
}
